
Microsoft Visual Studio Solution File, Format Version 12.00
Project("{FAE04EC0-301F-11D3-BF4B-00C04F79EFBC}") = "Chat", "Chat\Chat.csproj", "{9BBCD48C-45DB-4DBC-B79F-D2A178CCDD65}"
EndProject
Project("{FAE04EC0-301F-11D3-BF4B-00C04F79EFBC}") = "Networking", "Networking\Networking.csproj", "{38995DDE-5B0C-4D10-B950-AB3CC05C4115}"
EndProject
Project("{FAE04EC0-301F-11D3-BF4B-00C04F79EFBC}") = "LinuxServer", "LinuxServer\LinuxServer.csproj", "{4328D567-0798-40C6-892C-A7E813130D6A}"
EndProject
Project("{FAE04EC0-301F-11D3-BF4B-00C04F79EFBC}") = "ChatNetworking", "ChatNetworking\ChatNetworking.csproj", "{A7CECD8A-FC69-4607-8E68-48EC68D5EF7A}"
EndProject
Global
	GlobalSection(SolutionConfigurationPlatforms) = preSolution
		Debug|Any CPU = Debug|Any CPU
		Release|Any CPU = Release|Any CPU
	EndGlobalSection
	GlobalSection(ProjectConfigurationPlatforms) = postSolution
		{9BBCD48C-45DB-4DBC-B79F-D2A178CCDD65}.Debug|Any CPU.ActiveCfg = Debug|Any CPU
		{9BBCD48C-45DB-4DBC-B79F-D2A178CCDD65}.Debug|Any CPU.Build.0 = Debug|Any CPU
		{9BBCD48C-45DB-4DBC-B79F-D2A178CCDD65}.Release|Any CPU.ActiveCfg = Release|Any CPU
		{9BBCD48C-45DB-4DBC-B79F-D2A178CCDD65}.Release|Any CPU.Build.0 = Release|Any CPU
		{38995DDE-5B0C-4D10-B950-AB3CC05C4115}.Debug|Any CPU.ActiveCfg = Debug|Any CPU
		{38995DDE-5B0C-4D10-B950-AB3CC05C4115}.Debug|Any CPU.Build.0 = Debug|Any CPU
		{38995DDE-5B0C-4D10-B950-AB3CC05C4115}.Release|Any CPU.ActiveCfg = Release|Any CPU
		{38995DDE-5B0C-4D10-B950-AB3CC05C4115}.Release|Any CPU.Build.0 = Release|Any CPU
		{4328D567-0798-40C6-892C-A7E813130D6A}.Debug|Any CPU.ActiveCfg = Debug|Any CPU
		{4328D567-0798-40C6-892C-A7E813130D6A}.Debug|Any CPU.Build.0 = Debug|Any CPU
		{4328D567-0798-40C6-892C-A7E813130D6A}.Release|Any CPU.ActiveCfg = Release|Any CPU
		{4328D567-0798-40C6-892C-A7E813130D6A}.Release|Any CPU.Build.0 = Release|Any CPU
		{A7CECD8A-FC69-4607-8E68-48EC68D5EF7A}.Debug|Any CPU.ActiveCfg = Debug|Any CPU
		{A7CECD8A-FC69-4607-8E68-48EC68D5EF7A}.Debug|Any CPU.Build.0 = Debug|Any CPU
		{A7CECD8A-FC69-4607-8E68-48EC68D5EF7A}.Release|Any CPU.ActiveCfg = Release|Any CPU
		{A7CECD8A-FC69-4607-8E68-48EC68D5EF7A}.Release|Any CPU.Build.0 = Release|Any CPU
	EndGlobalSection
EndGlobal
